// !$*UTF8*$!
{
	archiveVersion = 1;
	classes = {
	};
	objectVersion = 51;
	objects = {

/* Begin PBXBuildFile section */
		9F169A80237F4192005A8618 /* DataLoader.swift in Sources */ = {isa = PBXBuildFile; fileRef = 9F169A7F237F4192005A8618 /* DataLoader.swift */; };
		9F169A82237F428D005A8618 /* Police.swift in Sources */ = {isa = PBXBuildFile; fileRef = 9F169A81237F428D005A8618 /* Police.swift */; };
		9F169A86237F62EB005A8618 /* PoliceView.swift in Sources */ = {isa = PBXBuildFile; fileRef = 9F169A85237F62EB005A8618 /* PoliceView.swift */; };
		9F169A88237F6740005A8618 /* PoliceDetailView.swift in Sources */ = {isa = PBXBuildFile; fileRef = 9F169A87237F6740005A8618 /* PoliceDetailView.swift */; };
		9F169A8A237F67F5005A8618 /* MapView.swift in Sources */ = {isa = PBXBuildFile; fileRef = 9F169A89237F67F5005A8618 /* MapView.swift */; };
		9F169A8C237F6844005A8618 /* CircleImage.swift in Sources */ = {isa = PBXBuildFile; fileRef = 9F169A8B237F6844005A8618 /* CircleImage.swift */; };
		9F169A92237F7132005A8618 /* policeData.json in Resources */ = {isa = PBXBuildFile; fileRef = 9F169A91237F7132005A8618 /* policeData.json */; };
		9F483A78237F32F1000E35A8 /* NewsView.swift in Sources */ = {isa = PBXBuildFile; fileRef = 9F483A77237F32F1000E35A8 /* NewsView.swift */; };
		9F7A4F1E238D878B001C4B7A /* CustomButtons.swift in Sources */ = {isa = PBXBuildFile; fileRef = 9F7A4F1D238D878B001C4B7A /* CustomButtons.swift */; };
		9F7A4F21238DA049001C4B7A /* HospitalsRow.swift in Sources */ = {isa = PBXBuildFile; fileRef = 9F7A4F20238DA049001C4B7A /* HospitalsRow.swift */; };
		9F7A4F23238DA05A001C4B7A /* HospitalsDetailView.swift in Sources */ = {isa = PBXBuildFile; fileRef = 9F7A4F22238DA05A001C4B7A /* HospitalsDetailView.swift */; };
		9F7A4F25238DA101001C4B7A /* Hospitals.swift in Sources */ = {isa = PBXBuildFile; fileRef = 9F7A4F24238DA101001C4B7A /* Hospitals.swift */; };
		9F7A4F27238DA150001C4B7A /* hospitalsData.json in Resources */ = {isa = PBXBuildFile; fileRef = 9F7A4F26238DA150001C4B7A /* hospitalsData.json */; };
		9F7A4F2A238DA348001C4B7A /* ConsulatesRow.swift in Sources */ = {isa = PBXBuildFile; fileRef = 9F7A4F29238DA348001C4B7A /* ConsulatesRow.swift */; };
		9F7A4F2C238DA355001C4B7A /* ConsulatesDetailRow.swift in Sources */ = {isa = PBXBuildFile; fileRef = 9F7A4F2B238DA355001C4B7A /* ConsulatesDetailRow.swift */; };
		9F7A4F2E238DA388001C4B7A /* Consulates.swift in Sources */ = {isa = PBXBuildFile; fileRef = 9F7A4F2D238DA388001C4B7A /* Consulates.swift */; };
		9F7A4F30238DA535001C4B7A /* consulatesData.json in Resources */ = {isa = PBXBuildFile; fileRef = 9F7A4F2F238DA535001C4B7A /* consulatesData.json */; };
		9FAACF852379B65600C3CF94 /* AppDelegate.swift in Sources */ = {isa = PBXBuildFile; fileRef = 9FAACF842379B65600C3CF94 /* AppDelegate.swift */; };
		9FAACF872379B65600C3CF94 /* SceneDelegate.swift in Sources */ = {isa = PBXBuildFile; fileRef = 9FAACF862379B65600C3CF94 /* SceneDelegate.swift */; };
		9FAACF892379B65600C3CF94 /* ContentView.swift in Sources */ = {isa = PBXBuildFile; fileRef = 9FAACF882379B65600C3CF94 /* ContentView.swift */; };
		9FAACF8B2379B65900C3CF94 /* Assets.xcassets in Resources */ = {isa = PBXBuildFile; fileRef = 9FAACF8A2379B65900C3CF94 /* Assets.xcassets */; };
		9FAACF8E2379B65900C3CF94 /* Preview Assets.xcassets in Resources */ = {isa = PBXBuildFile; fileRef = 9FAACF8D2379B65900C3CF94 /* Preview Assets.xcassets */; };
		9FAACF912379B65900C3CF94 /* LaunchScreen.storyboard in Resources */ = {isa = PBXBuildFile; fileRef = 9FAACF8F2379B65900C3CF94 /* LaunchScreen.storyboard */; };
		9FAACF9C2379B65900C3CF94 /* EmergencyTests.swift in Sources */ = {isa = PBXBuildFile; fileRef = 9FAACF9B2379B65900C3CF94 /* EmergencyTests.swift */; };
		9FAACFA72379B65900C3CF94 /* EmergencyUITests.swift in Sources */ = {isa = PBXBuildFile; fileRef = 9FAACFA62379B65900C3CF94 /* EmergencyUITests.swift */; };
		9FAACFB52379B68E00C3CF94 /* GoogleService-Info.plist in Resources */ = {isa = PBXBuildFile; fileRef = 9FAACFB42379B68D00C3CF94 /* GoogleService-Info.plist */; };
		A151BB18237F1E89007CEEC1 /* AdviceView.swift in Sources */ = {isa = PBXBuildFile; fileRef = A151BB17237F1E89007CEEC1 /* AdviceView.swift */; };
		A151BB1C237F2A7A007CEEC1 /* TranslateView.swift in Sources */ = {isa = PBXBuildFile; fileRef = A151BB1B237F2A7A007CEEC1 /* TranslateView.swift */; };
		A151BB1E237F2A8F007CEEC1 /* PhoneNumbersView.swift in Sources */ = {isa = PBXBuildFile; fileRef = A151BB1D237F2A8F007CEEC1 /* PhoneNumbersView.swift */; };
		A151BB20237F2AA1007CEEC1 /* HelpView.swift in Sources */ = {isa = PBXBuildFile; fileRef = A151BB1F237F2AA1007CEEC1 /* HelpView.swift */; };
		A151BB22237F2AB3007CEEC1 /* LawView.swift in Sources */ = {isa = PBXBuildFile; fileRef = A151BB21237F2AB2007CEEC1 /* LawView.swift */; };
		A151BB24237F2AC7007CEEC1 /* DifficultSituationsView.swift in Sources */ = {isa = PBXBuildFile; fileRef = A151BB23237F2AC7007CEEC1 /* DifficultSituationsView.swift */; };
		A151BB26237F2AE3007CEEC1 /* ConsulatesView.swift in Sources */ = {isa = PBXBuildFile; fileRef = A151BB25237F2AE3007CEEC1 /* ConsulatesView.swift */; };
		A151BB28237F2AF1007CEEC1 /* HospitalsView.swift in Sources */ = {isa = PBXBuildFile; fileRef = A151BB27237F2AF1007CEEC1 /* HospitalsView.swift */; };
		A151BB2A237F2AFE007CEEC1 /* PoliceRow.swift in Sources */ = {isa = PBXBuildFile; fileRef = A151BB29237F2AFE007CEEC1 /* PoliceRow.swift */; };
		AB44EC0A1A887C0F6271A8B4 /* Pods_Emergency.framework in Frameworks */ = {isa = PBXBuildFile; fileRef = 9C62C0887FF051036269EA58 /* Pods_Emergency.framework */; };
		C01907BEF0A423E69187A72B /* Pods_EmergencyUITests.framework in Frameworks */ = {isa = PBXBuildFile; fileRef = 38F29B74A73222348AB45E64 /* Pods_EmergencyUITests.framework */; };
		C7DA29D6DD0ADAAD141A1B1D /* Pods_EmergencyTests.framework in Frameworks */ = {isa = PBXBuildFile; fileRef = 5337DBD89CD585332792FABD /* Pods_EmergencyTests.framework */; };
/* End PBXBuildFile section */

/* Begin PBXContainerItemProxy section */
		9FAACF982379B65900C3CF94 /* PBXContainerItemProxy */ = {
			isa = PBXContainerItemProxy;
			containerPortal = 9FAACF792379B65600C3CF94 /* Project object */;
			proxyType = 1;
			remoteGlobalIDString = 9FAACF802379B65600C3CF94;
			remoteInfo = Emergency;
		};
		9FAACFA32379B65900C3CF94 /* PBXContainerItemProxy */ = {
			isa = PBXContainerItemProxy;
			containerPortal = 9FAACF792379B65600C3CF94 /* Project object */;
			proxyType = 1;
			remoteGlobalIDString = 9FAACF802379B65600C3CF94;
			remoteInfo = Emergency;
		};
/* End PBXContainerItemProxy section */

/* Begin PBXFileReference section */
		38F29B74A73222348AB45E64 /* Pods_EmergencyUITests.framework */ = {isa = PBXFileReference; explicitFileType = wrapper.framework; includeInIndex = 0; path = Pods_EmergencyUITests.framework; sourceTree = BUILT_PRODUCTS_DIR; };
		4FD85DB312590744F9E5A9E3 /* Pods-Emergency.debug.xcconfig */ = {isa = PBXFileReference; includeInIndex = 1; lastKnownFileType = text.xcconfig; name = "Pods-Emergency.debug.xcconfig"; path = "Target Support Files/Pods-Emergency/Pods-Emergency.debug.xcconfig"; sourceTree = "<group>"; };
		5337DBD89CD585332792FABD /* Pods_EmergencyTests.framework */ = {isa = PBXFileReference; explicitFileType = wrapper.framework; includeInIndex = 0; path = Pods_EmergencyTests.framework; sourceTree = BUILT_PRODUCTS_DIR; };
		5EE4BCD87DC89A19119FBBA8 /* Pods-EmergencyUITests.debug.xcconfig */ = {isa = PBXFileReference; includeInIndex = 1; lastKnownFileType = text.xcconfig; name = "Pods-EmergencyUITests.debug.xcconfig"; path = "Target Support Files/Pods-EmergencyUITests/Pods-EmergencyUITests.debug.xcconfig"; sourceTree = "<group>"; };
		6B8A3546851A58DF668DB42E /* Pods-EmergencyTests.release.xcconfig */ = {isa = PBXFileReference; includeInIndex = 1; lastKnownFileType = text.xcconfig; name = "Pods-EmergencyTests.release.xcconfig"; path = "Target Support Files/Pods-EmergencyTests/Pods-EmergencyTests.release.xcconfig"; sourceTree = "<group>"; };
		73221E569343D12298A063AF /* Pods-EmergencyTests.debug.xcconfig */ = {isa = PBXFileReference; includeInIndex = 1; lastKnownFileType = text.xcconfig; name = "Pods-EmergencyTests.debug.xcconfig"; path = "Target Support Files/Pods-EmergencyTests/Pods-EmergencyTests.debug.xcconfig"; sourceTree = "<group>"; };
		9C62C0887FF051036269EA58 /* Pods_Emergency.framework */ = {isa = PBXFileReference; explicitFileType = wrapper.framework; includeInIndex = 0; path = Pods_Emergency.framework; sourceTree = BUILT_PRODUCTS_DIR; };
		9F169A7F237F4192005A8618 /* DataLoader.swift */ = {isa = PBXFileReference; lastKnownFileType = sourcecode.swift; path = DataLoader.swift; sourceTree = "<group>"; };
		9F169A81237F428D005A8618 /* Police.swift */ = {isa = PBXFileReference; lastKnownFileType = sourcecode.swift; path = Police.swift; sourceTree = "<group>"; };
		9F169A85237F62EB005A8618 /* PoliceView.swift */ = {isa = PBXFileReference; lastKnownFileType = sourcecode.swift; path = PoliceView.swift; sourceTree = "<group>"; };
		9F169A87237F6740005A8618 /* PoliceDetailView.swift */ = {isa = PBXFileReference; lastKnownFileType = sourcecode.swift; path = PoliceDetailView.swift; sourceTree = "<group>"; };
		9F169A89237F67F5005A8618 /* MapView.swift */ = {isa = PBXFileReference; lastKnownFileType = sourcecode.swift; path = MapView.swift; sourceTree = "<group>"; };
		9F169A8B237F6844005A8618 /* CircleImage.swift */ = {isa = PBXFileReference; lastKnownFileType = sourcecode.swift; path = CircleImage.swift; sourceTree = "<group>"; };
		9F169A91237F7132005A8618 /* policeData.json */ = {isa = PBXFileReference; fileEncoding = 4; lastKnownFileType = text.json; path = policeData.json; sourceTree = "<group>"; };
		9F483A77237F32F1000E35A8 /* NewsView.swift */ = {isa = PBXFileReference; fileEncoding = 4; lastKnownFileType = sourcecode.swift; path = NewsView.swift; sourceTree = "<group>"; };
		9F7A4F1D238D878B001C4B7A /* CustomButtons.swift */ = {isa = PBXFileReference; lastKnownFileType = sourcecode.swift; path = CustomButtons.swift; sourceTree = "<group>"; };
		9F7A4F20238DA049001C4B7A /* HospitalsRow.swift */ = {isa = PBXFileReference; lastKnownFileType = sourcecode.swift; path = HospitalsRow.swift; sourceTree = "<group>"; };
		9F7A4F22238DA05A001C4B7A /* HospitalsDetailView.swift */ = {isa = PBXFileReference; lastKnownFileType = sourcecode.swift; path = HospitalsDetailView.swift; sourceTree = "<group>"; };
		9F7A4F24238DA101001C4B7A /* Hospitals.swift */ = {isa = PBXFileReference; lastKnownFileType = sourcecode.swift; path = Hospitals.swift; sourceTree = "<group>"; };
		9F7A4F26238DA150001C4B7A /* hospitalsData.json */ = {isa = PBXFileReference; fileEncoding = 4; lastKnownFileType = text.json; path = hospitalsData.json; sourceTree = "<group>"; };
		9F7A4F29238DA348001C4B7A /* ConsulatesRow.swift */ = {isa = PBXFileReference; lastKnownFileType = sourcecode.swift; path = ConsulatesRow.swift; sourceTree = "<group>"; };
		9F7A4F2B238DA355001C4B7A /* ConsulatesDetailRow.swift */ = {isa = PBXFileReference; lastKnownFileType = sourcecode.swift; path = ConsulatesDetailRow.swift; sourceTree = "<group>"; };
		9F7A4F2D238DA388001C4B7A /* Consulates.swift */ = {isa = PBXFileReference; lastKnownFileType = sourcecode.swift; path = Consulates.swift; sourceTree = "<group>"; };
		9F7A4F2F238DA535001C4B7A /* consulatesData.json */ = {isa = PBXFileReference; fileEncoding = 4; lastKnownFileType = text.json; path = consulatesData.json; sourceTree = "<group>"; };
		9FAACF812379B65600C3CF94 /* Emergency.app */ = {isa = PBXFileReference; explicitFileType = wrapper.application; includeInIndex = 0; path = Emergency.app; sourceTree = BUILT_PRODUCTS_DIR; };
		9FAACF842379B65600C3CF94 /* AppDelegate.swift */ = {isa = PBXFileReference; lastKnownFileType = sourcecode.swift; path = AppDelegate.swift; sourceTree = "<group>"; };
		9FAACF862379B65600C3CF94 /* SceneDelegate.swift */ = {isa = PBXFileReference; lastKnownFileType = sourcecode.swift; path = SceneDelegate.swift; sourceTree = "<group>"; };
		9FAACF882379B65600C3CF94 /* ContentView.swift */ = {isa = PBXFileReference; lastKnownFileType = sourcecode.swift; path = ContentView.swift; sourceTree = "<group>"; };
		9FAACF8A2379B65900C3CF94 /* Assets.xcassets */ = {isa = PBXFileReference; lastKnownFileType = folder.assetcatalog; path = Assets.xcassets; sourceTree = "<group>"; };
		9FAACF8D2379B65900C3CF94 /* Preview Assets.xcassets */ = {isa = PBXFileReference; lastKnownFileType = folder.assetcatalog; path = "Preview Assets.xcassets"; sourceTree = "<group>"; };
		9FAACF902379B65900C3CF94 /* Base */ = {isa = PBXFileReference; lastKnownFileType = file.storyboard; name = Base; path = Base.lproj/LaunchScreen.storyboard; sourceTree = "<group>"; };
		9FAACF922379B65900C3CF94 /* Info.plist */ = {isa = PBXFileReference; lastKnownFileType = text.plist.xml; path = Info.plist; sourceTree = "<group>"; };
		9FAACF972379B65900C3CF94 /* EmergencyTests.xctest */ = {isa = PBXFileReference; explicitFileType = wrapper.cfbundle; includeInIndex = 0; path = EmergencyTests.xctest; sourceTree = BUILT_PRODUCTS_DIR; };
		9FAACF9B2379B65900C3CF94 /* EmergencyTests.swift */ = {isa = PBXFileReference; lastKnownFileType = sourcecode.swift; path = EmergencyTests.swift; sourceTree = "<group>"; };
		9FAACF9D2379B65900C3CF94 /* Info.plist */ = {isa = PBXFileReference; lastKnownFileType = text.plist.xml; path = Info.plist; sourceTree = "<group>"; };
		9FAACFA22379B65900C3CF94 /* EmergencyUITests.xctest */ = {isa = PBXFileReference; explicitFileType = wrapper.cfbundle; includeInIndex = 0; path = EmergencyUITests.xctest; sourceTree = BUILT_PRODUCTS_DIR; };
		9FAACFA62379B65900C3CF94 /* EmergencyUITests.swift */ = {isa = PBXFileReference; lastKnownFileType = sourcecode.swift; path = EmergencyUITests.swift; sourceTree = "<group>"; };
		9FAACFA82379B65900C3CF94 /* Info.plist */ = {isa = PBXFileReference; lastKnownFileType = text.plist.xml; path = Info.plist; sourceTree = "<group>"; };
		9FAACFB42379B68D00C3CF94 /* GoogleService-Info.plist */ = {isa = PBXFileReference; fileEncoding = 4; lastKnownFileType = text.plist.xml; path = "GoogleService-Info.plist"; sourceTree = "<group>"; };
		A151BB17237F1E89007CEEC1 /* AdviceView.swift */ = {isa = PBXFileReference; lastKnownFileType = sourcecode.swift; path = AdviceView.swift; sourceTree = "<group>"; };
		A151BB1B237F2A7A007CEEC1 /* TranslateView.swift */ = {isa = PBXFileReference; lastKnownFileType = sourcecode.swift; path = TranslateView.swift; sourceTree = "<group>"; };
		A151BB1D237F2A8F007CEEC1 /* PhoneNumbersView.swift */ = {isa = PBXFileReference; lastKnownFileType = sourcecode.swift; path = PhoneNumbersView.swift; sourceTree = "<group>"; };
		A151BB1F237F2AA1007CEEC1 /* HelpView.swift */ = {isa = PBXFileReference; lastKnownFileType = sourcecode.swift; path = HelpView.swift; sourceTree = "<group>"; };
		A151BB21237F2AB2007CEEC1 /* LawView.swift */ = {isa = PBXFileReference; lastKnownFileType = sourcecode.swift; path = LawView.swift; sourceTree = "<group>"; };
		A151BB23237F2AC7007CEEC1 /* DifficultSituationsView.swift */ = {isa = PBXFileReference; lastKnownFileType = sourcecode.swift; path = DifficultSituationsView.swift; sourceTree = "<group>"; };
		A151BB25237F2AE3007CEEC1 /* ConsulatesView.swift */ = {isa = PBXFileReference; lastKnownFileType = sourcecode.swift; path = ConsulatesView.swift; sourceTree = "<group>"; };
		A151BB27237F2AF1007CEEC1 /* HospitalsView.swift */ = {isa = PBXFileReference; lastKnownFileType = sourcecode.swift; path = HospitalsView.swift; sourceTree = "<group>"; };
		A151BB29237F2AFE007CEEC1 /* PoliceRow.swift */ = {isa = PBXFileReference; lastKnownFileType = sourcecode.swift; path = PoliceRow.swift; sourceTree = "<group>"; };
		BEEFCFFC5EDA393F1CA178AF /* Pods-EmergencyUITests.release.xcconfig */ = {isa = PBXFileReference; includeInIndex = 1; lastKnownFileType = text.xcconfig; name = "Pods-EmergencyUITests.release.xcconfig"; path = "Target Support Files/Pods-EmergencyUITests/Pods-EmergencyUITests.release.xcconfig"; sourceTree = "<group>"; };
		C4C29EC31A572AC3686977D1 /* Pods-Emergency.release.xcconfig */ = {isa = PBXFileReference; includeInIndex = 1; lastKnownFileType = text.xcconfig; name = "Pods-Emergency.release.xcconfig"; path = "Target Support Files/Pods-Emergency/Pods-Emergency.release.xcconfig"; sourceTree = "<group>"; };
/* End PBXFileReference section */

/* Begin PBXFrameworksBuildPhase section */
		9FAACF7E2379B65600C3CF94 /* Frameworks */ = {
			isa = PBXFrameworksBuildPhase;
			buildActionMask = 2147483647;
			files = (
				AB44EC0A1A887C0F6271A8B4 /* Pods_Emergency.framework in Frameworks */,
			);
			runOnlyForDeploymentPostprocessing = 0;
		};
		9FAACF942379B65900C3CF94 /* Frameworks */ = {
			isa = PBXFrameworksBuildPhase;
			buildActionMask = 2147483647;
			files = (
				C7DA29D6DD0ADAAD141A1B1D /* Pods_EmergencyTests.framework in Frameworks */,
			);
			runOnlyForDeploymentPostprocessing = 0;
		};
		9FAACF9F2379B65900C3CF94 /* Frameworks */ = {
			isa = PBXFrameworksBuildPhase;
			buildActionMask = 2147483647;
			files = (
				C01907BEF0A423E69187A72B /* Pods_EmergencyUITests.framework in Frameworks */,
			);
			runOnlyForDeploymentPostprocessing = 0;
		};
/* End PBXFrameworksBuildPhase section */

/* Begin PBXGroup section */
		742731A41DFF19EE1DAC50A0 /* Pods */ = {
			isa = PBXGroup;
			children = (
				4FD85DB312590744F9E5A9E3 /* Pods-Emergency.debug.xcconfig */,
				C4C29EC31A572AC3686977D1 /* Pods-Emergency.release.xcconfig */,
				73221E569343D12298A063AF /* Pods-EmergencyTests.debug.xcconfig */,
				6B8A3546851A58DF668DB42E /* Pods-EmergencyTests.release.xcconfig */,
				5EE4BCD87DC89A19119FBBA8 /* Pods-EmergencyUITests.debug.xcconfig */,
				BEEFCFFC5EDA393F1CA178AF /* Pods-EmergencyUITests.release.xcconfig */,
			);
			path = Pods;
			sourceTree = "<group>";
		};
		9F169A8D237F693D005A8618 /* Police */ = {
			isa = PBXGroup;
			children = (
				A151BB29237F2AFE007CEEC1 /* PoliceRow.swift */,
				9F169A87237F6740005A8618 /* PoliceDetailView.swift */,
				9F169A85237F62EB005A8618 /* PoliceView.swift */,
			);
			path = Police;
			sourceTree = "<group>";
		};
		9F169A8E237F6971005A8618 /* Map */ = {
			isa = PBXGroup;
			children = (
				9F169A89237F67F5005A8618 /* MapView.swift */,
				9F169A8B237F6844005A8618 /* CircleImage.swift */,
			);
			path = Map;
			sourceTree = "<group>";
		};
		9F169A8F237F698F005A8618 /* Models */ = {
			isa = PBXGroup;
			children = (
				9F169A81237F428D005A8618 /* Police.swift */,
				9F169A7F237F4192005A8618 /* DataLoader.swift */,
				9F7A4F1D238D878B001C4B7A /* CustomButtons.swift */,
				9F7A4F24238DA101001C4B7A /* Hospitals.swift */,
				9F7A4F2D238DA388001C4B7A /* Consulates.swift */,
			);
			path = Models;
			sourceTree = "<group>";
		};
		9F7A4F1F238D9D6B001C4B7A /* Hospitals */ = {
			isa = PBXGroup;
			children = (
				9F7A4F20238DA049001C4B7A /* HospitalsRow.swift */,
				9F7A4F22238DA05A001C4B7A /* HospitalsDetailView.swift */,
				A151BB27237F2AF1007CEEC1 /* HospitalsView.swift */,
			);
			path = Hospitals;
			sourceTree = "<group>";
		};
		9F7A4F28238DA328001C4B7A /* Consulates */ = {
			isa = PBXGroup;
			children = (
				9F7A4F29238DA348001C4B7A /* ConsulatesRow.swift */,
				9F7A4F2B238DA355001C4B7A /* ConsulatesDetailRow.swift */,
				A151BB25237F2AE3007CEEC1 /* ConsulatesView.swift */,
			);
			path = Consulates;
			sourceTree = "<group>";
		};
		9FAACF782379B65600C3CF94 = {
			isa = PBXGroup;
			children = (
				9FAACF832379B65600C3CF94 /* Emergency */,
				9FAACF9A2379B65900C3CF94 /* EmergencyTests */,
				9FAACFA52379B65900C3CF94 /* EmergencyUITests */,
				9FAACF822379B65600C3CF94 /* Products */,
				742731A41DFF19EE1DAC50A0 /* Pods */,
				FB0759D9C999299D9A337BEE /* Frameworks */,
			);
			sourceTree = "<group>";
		};
		9FAACF822379B65600C3CF94 /* Products */ = {
			isa = PBXGroup;
			children = (
				9FAACF812379B65600C3CF94 /* Emergency.app */,
				9FAACF972379B65900C3CF94 /* EmergencyTests.xctest */,
				9FAACFA22379B65900C3CF94 /* EmergencyUITests.xctest */,
			);
			name = Products;
			sourceTree = "<group>";
		};
		9FAACF832379B65600C3CF94 /* Emergency */ = {
			isa = PBXGroup;
			children = (
				9F169A8F237F698F005A8618 /* Models */,
				9F169A8E237F6971005A8618 /* Map */,
				9F169A8D237F693D005A8618 /* Police */,
				9F7A4F1F238D9D6B001C4B7A /* Hospitals */,
				9F7A4F28238DA328001C4B7A /* Consulates */,
				9FAACF842379B65600C3CF94 /* AppDelegate.swift */,
				9FAACF862379B65600C3CF94 /* SceneDelegate.swift */,
				9FAACF882379B65600C3CF94 /* ContentView.swift */,
				9FAACF8A2379B65900C3CF94 /* Assets.xcassets */,
				9FAACFB42379B68D00C3CF94 /* GoogleService-Info.plist */,
				9FAACF8F2379B65900C3CF94 /* LaunchScreen.storyboard */,
				9FAACF922379B65900C3CF94 /* Info.plist */,
				9FAACF8C2379B65900C3CF94 /* Preview Content */,
				A151BB17237F1E89007CEEC1 /* AdviceView.swift */,
				9F7A4F26238DA150001C4B7A /* hospitalsData.json */,
				9F169A91237F7132005A8618 /* policeData.json */,
				9F7A4F2F238DA535001C4B7A /* consulatesData.json */,
				A151BB1B237F2A7A007CEEC1 /* TranslateView.swift */,
				A151BB1D237F2A8F007CEEC1 /* PhoneNumbersView.swift */,
				9F483A77237F32F1000E35A8 /* NewsView.swift */,
				A151BB1F237F2AA1007CEEC1 /* HelpView.swift */,
				A151BB21237F2AB2007CEEC1 /* LawView.swift */,
				A151BB23237F2AC7007CEEC1 /* DifficultSituationsView.swift */,
			);
			path = Emergency;
			sourceTree = "<group>";
		};
		9FAACF8C2379B65900C3CF94 /* Preview Content */ = {
			isa = PBXGroup;
			children = (
				9FAACF8D2379B65900C3CF94 /* Preview Assets.xcassets */,
			);
			path = "Preview Content";
			sourceTree = "<group>";
		};
		9FAACF9A2379B65900C3CF94 /* EmergencyTests */ = {
			isa = PBXGroup;
			children = (
				9FAACF9B2379B65900C3CF94 /* EmergencyTests.swift */,
				9FAACF9D2379B65900C3CF94 /* Info.plist */,
			);
			path = EmergencyTests;
			sourceTree = "<group>";
		};
		9FAACFA52379B65900C3CF94 /* EmergencyUITests */ = {
			isa = PBXGroup;
			children = (
				9FAACFA62379B65900C3CF94 /* EmergencyUITests.swift */,
				9FAACFA82379B65900C3CF94 /* Info.plist */,
			);
			path = EmergencyUITests;
			sourceTree = "<group>";
		};
		FB0759D9C999299D9A337BEE /* Frameworks */ = {
			isa = PBXGroup;
			children = (
				9C62C0887FF051036269EA58 /* Pods_Emergency.framework */,
				5337DBD89CD585332792FABD /* Pods_EmergencyTests.framework */,
				38F29B74A73222348AB45E64 /* Pods_EmergencyUITests.framework */,
			);
			name = Frameworks;
			sourceTree = "<group>";
		};
/* End PBXGroup section */

/* Begin PBXNativeTarget section */
		9FAACF802379B65600C3CF94 /* Emergency */ = {
			isa = PBXNativeTarget;
			buildConfigurationList = 9FAACFAB2379B65900C3CF94 /* Build configuration list for PBXNativeTarget "Emergency" */;
			buildPhases = (
				15319723AEBBDD002578DFBA /* [CP] Check Pods Manifest.lock */,
				9FAACF7D2379B65600C3CF94 /* Sources */,
				9FAACF7E2379B65600C3CF94 /* Frameworks */,
				9FAACF7F2379B65600C3CF94 /* Resources */,
				5BBFADA91EF1F93E6E649171 /* [CP] Embed Pods Frameworks */,
			);
			buildRules = (
			);
			dependencies = (
			);
			name = Emergency;
			productName = Emergency;
			productReference = 9FAACF812379B65600C3CF94 /* Emergency.app */;
			productType = "com.apple.product-type.application";
		};
		9FAACF962379B65900C3CF94 /* EmergencyTests */ = {
			isa = PBXNativeTarget;
			buildConfigurationList = 9FAACFAE2379B65900C3CF94 /* Build configuration list for PBXNativeTarget "EmergencyTests" */;
			buildPhases = (
				23A773A80066553A21C5F833 /* [CP] Check Pods Manifest.lock */,
				9FAACF932379B65900C3CF94 /* Sources */,
				9FAACF942379B65900C3CF94 /* Frameworks */,
				9FAACF952379B65900C3CF94 /* Resources */,
			);
			buildRules = (
			);
			dependencies = (
				9FAACF992379B65900C3CF94 /* PBXTargetDependency */,
			);
			name = EmergencyTests;
			productName = EmergencyTests;
			productReference = 9FAACF972379B65900C3CF94 /* EmergencyTests.xctest */;
			productType = "com.apple.product-type.bundle.unit-test";
		};
		9FAACFA12379B65900C3CF94 /* EmergencyUITests */ = {
			isa = PBXNativeTarget;
			buildConfigurationList = 9FAACFB12379B65900C3CF94 /* Build configuration list for PBXNativeTarget "EmergencyUITests" */;
			buildPhases = (
				DF08FAC3D90C360703E518BD /* [CP] Check Pods Manifest.lock */,
				9FAACF9E2379B65900C3CF94 /* Sources */,
				9FAACF9F2379B65900C3CF94 /* Frameworks */,
				9FAACFA02379B65900C3CF94 /* Resources */,
			);
			buildRules = (
			);
			dependencies = (
				9FAACFA42379B65900C3CF94 /* PBXTargetDependency */,
			);
			name = EmergencyUITests;
			productName = EmergencyUITests;
			productReference = 9FAACFA22379B65900C3CF94 /* EmergencyUITests.xctest */;
			productType = "com.apple.product-type.bundle.ui-testing";
		};
/* End PBXNativeTarget section */

/* Begin PBXProject section */
		9FAACF792379B65600C3CF94 /* Project object */ = {
			isa = PBXProject;
			attributes = {
				LastSwiftUpdateCheck = 1100;
				LastUpgradeCheck = 1100;
				ORGANIZATIONNAME = Wasko;
				TargetAttributes = {
					9FAACF802379B65600C3CF94 = {
						CreatedOnToolsVersion = 11.0;
					};
					9FAACF962379B65900C3CF94 = {
						CreatedOnToolsVersion = 11.0;
						TestTargetID = 9FAACF802379B65600C3CF94;
					};
					9FAACFA12379B65900C3CF94 = {
						CreatedOnToolsVersion = 11.0;
						TestTargetID = 9FAACF802379B65600C3CF94;
					};
				};
			};
			buildConfigurationList = 9FAACF7C2379B65600C3CF94 /* Build configuration list for PBXProject "Emergency" */;
			compatibilityVersion = "Xcode 9.3";
			developmentRegion = en;
			hasScannedForEncodings = 0;
			knownRegions = (
				en,
				Base,
			);
			mainGroup = 9FAACF782379B65600C3CF94;
			productRefGroup = 9FAACF822379B65600C3CF94 /* Products */;
			projectDirPath = "";
			projectRoot = "";
			targets = (
				9FAACF802379B65600C3CF94 /* Emergency */,
				9FAACF962379B65900C3CF94 /* EmergencyTests */,
				9FAACFA12379B65900C3CF94 /* EmergencyUITests */,
			);
		};
/* End PBXProject section */

/* Begin PBXResourcesBuildPhase section */
		9FAACF7F2379B65600C3CF94 /* Resources */ = {
			isa = PBXResourcesBuildPhase;
			buildActionMask = 2147483647;
			files = (
				9F169A92237F7132005A8618 /* policeData.json in Resources */,
				9F7A4F30238DA535001C4B7A /* consulatesData.json in Resources */,
				9F7A4F27238DA150001C4B7A /* hospitalsData.json in Resources */,
				9FAACF912379B65900C3CF94 /* LaunchScreen.storyboard in Resources */,
				9FAACF8E2379B65900C3CF94 /* Preview Assets.xcassets in Resources */,
				9FAACF8B2379B65900C3CF94 /* Assets.xcassets in Resources */,
				9FAACFB52379B68E00C3CF94 /* GoogleService-Info.plist in Resources */,
			);
			runOnlyForDeploymentPostprocessing = 0;
		};
		9FAACF952379B65900C3CF94 /* Resources */ = {
			isa = PBXResourcesBuildPhase;
			buildActionMask = 2147483647;
			files = (
			);
			runOnlyForDeploymentPostprocessing = 0;
		};
		9FAACFA02379B65900C3CF94 /* Resources */ = {
			isa = PBXResourcesBuildPhase;
			buildActionMask = 2147483647;
			files = (
			);
			runOnlyForDeploymentPostprocessing = 0;
		};
/* End PBXResourcesBuildPhase section */

/* Begin PBXShellScriptBuildPhase section */
		15319723AEBBDD002578DFBA /* [CP] Check Pods Manifest.lock */ = {
			isa = PBXShellScriptBuildPhase;
			buildActionMask = 2147483647;
			files = (
			);
			inputFileListPaths = (
			);
			inputPaths = (
				"${PODS_PODFILE_DIR_PATH}/Podfile.lock",
				"${PODS_ROOT}/Manifest.lock",
			);
			name = "[CP] Check Pods Manifest.lock";
			outputFileListPaths = (
			);
			outputPaths = (
				"$(DERIVED_FILE_DIR)/Pods-Emergency-checkManifestLockResult.txt",
			);
			runOnlyForDeploymentPostprocessing = 0;
			shellPath = /bin/sh;
			shellScript = "diff \"${PODS_PODFILE_DIR_PATH}/Podfile.lock\" \"${PODS_ROOT}/Manifest.lock\" > /dev/null\nif [ $? != 0 ] ; then\n    # print error to STDERR\n    echo \"error: The sandbox is not in sync with the Podfile.lock. Run 'pod install' or update your CocoaPods installation.\" >&2\n    exit 1\nfi\n# This output is used by Xcode 'outputs' to avoid re-running this script phase.\necho \"SUCCESS\" > \"${SCRIPT_OUTPUT_FILE_0}\"\n";
			showEnvVarsInLog = 0;
		};
		23A773A80066553A21C5F833 /* [CP] Check Pods Manifest.lock */ = {
			isa = PBXShellScriptBuildPhase;
			buildActionMask = 2147483647;
			files = (
			);
			inputFileListPaths = (
			);
			inputPaths = (
				"${PODS_PODFILE_DIR_PATH}/Podfile.lock",
				"${PODS_ROOT}/Manifest.lock",
			);
			name = "[CP] Check Pods Manifest.lock";
			outputFileListPaths = (
			);
			outputPaths = (
				"$(DERIVED_FILE_DIR)/Pods-EmergencyTests-checkManifestLockResult.txt",
			);
			runOnlyForDeploymentPostprocessing = 0;
			shellPath = /bin/sh;
			shellScript = "diff \"${PODS_PODFILE_DIR_PATH}/Podfile.lock\" \"${PODS_ROOT}/Manifest.lock\" > /dev/null\nif [ $? != 0 ] ; then\n    # print error to STDERR\n    echo \"error: The sandbox is not in sync with the Podfile.lock. Run 'pod install' or update your CocoaPods installation.\" >&2\n    exit 1\nfi\n# This output is used by Xcode 'outputs' to avoid re-running this script phase.\necho \"SUCCESS\" > \"${SCRIPT_OUTPUT_FILE_0}\"\n";
			showEnvVarsInLog = 0;
		};
		5BBFADA91EF1F93E6E649171 /* [CP] Embed Pods Frameworks */ = {
			isa = PBXShellScriptBuildPhase;
			buildActionMask = 2147483647;
			files = (
			);
			inputFileListPaths = (
				"${PODS_ROOT}/Target Support Files/Pods-Emergency/Pods-Emergency-frameworks-${CONFIGURATION}-input-files.xcfilelist",
			);
			name = "[CP] Embed Pods Frameworks";
			outputFileListPaths = (
				"${PODS_ROOT}/Target Support Files/Pods-Emergency/Pods-Emergency-frameworks-${CONFIGURATION}-output-files.xcfilelist",
			);
			runOnlyForDeploymentPostprocessing = 0;
			shellPath = /bin/sh;
			shellScript = "\"${PODS_ROOT}/Target Support Files/Pods-Emergency/Pods-Emergency-frameworks.sh\"\n";
			showEnvVarsInLog = 0;
		};
		DF08FAC3D90C360703E518BD /* [CP] Check Pods Manifest.lock */ = {
			isa = PBXShellScriptBuildPhase;
			buildActionMask = 2147483647;
			files = (
			);
			inputFileListPaths = (
			);
			inputPaths = (
				"${PODS_PODFILE_DIR_PATH}/Podfile.lock",
				"${PODS_ROOT}/Manifest.lock",
			);
			name = "[CP] Check Pods Manifest.lock";
			outputFileListPaths = (
			);
			outputPaths = (
				"$(DERIVED_FILE_DIR)/Pods-EmergencyUITests-checkManifestLockResult.txt",
			);
			runOnlyForDeploymentPostprocessing = 0;
			shellPath = /bin/sh;
			shellScript = "diff \"${PODS_PODFILE_DIR_PATH}/Podfile.lock\" \"${PODS_ROOT}/Manifest.lock\" > /dev/null\nif [ $? != 0 ] ; then\n    # print error to STDERR\n    echo \"error: The sandbox is not in sync with the Podfile.lock. Run 'pod install' or update your CocoaPods installation.\" >&2\n    exit 1\nfi\n# This output is used by Xcode 'outputs' to avoid re-running this script phase.\necho \"SUCCESS\" > \"${SCRIPT_OUTPUT_FILE_0}\"\n";
			showEnvVarsInLog = 0;
		};
/* End PBXShellScriptBuildPhase section */

/* Begin PBXSourcesBuildPhase section */
		9FAACF7D2379B65600C3CF94 /* Sources */ = {
			isa = PBXSourcesBuildPhase;
			buildActionMask = 2147483647;
			files = (
				A151BB24237F2AC7007CEEC1 /* DifficultSituationsView.swift in Sources */,
				9F7A4F1E238D878B001C4B7A /* CustomButtons.swift in Sources */,
				A151BB1E237F2A8F007CEEC1 /* PhoneNumbersView.swift in Sources */,
				9F169A80237F4192005A8618 /* DataLoader.swift in Sources */,
				9F7A4F25238DA101001C4B7A /* Hospitals.swift in Sources */,
				9F169A86237F62EB005A8618 /* PoliceView.swift in Sources */,
				9F7A4F2E238DA388001C4B7A /* Consulates.swift in Sources */,
				9FAACF852379B65600C3CF94 /* AppDelegate.swift in Sources */,
				9F7A4F2A238DA348001C4B7A /* ConsulatesRow.swift in Sources */,
				A151BB2A237F2AFE007CEEC1 /* PoliceRow.swift in Sources */,
				9F169A88237F6740005A8618 /* PoliceDetailView.swift in Sources */,
				9F169A8A237F67F5005A8618 /* MapView.swift in Sources */,
				A151BB1C237F2A7A007CEEC1 /* TranslateView.swift in Sources */,
				A151BB28237F2AF1007CEEC1 /* HospitalsView.swift in Sources */,
				A151BB22237F2AB3007CEEC1 /* LawView.swift in Sources */,
				9F7A4F21238DA049001C4B7A /* HospitalsRow.swift in Sources */,
				9F169A82237F428D005A8618 /* Police.swift in Sources */,
				9F483A78237F32F1000E35A8 /* NewsView.swift in Sources */,
				A151BB26237F2AE3007CEEC1 /* ConsulatesView.swift in Sources */,
				A151BB18237F1E89007CEEC1 /* AdviceView.swift in Sources */,
				9F7A4F2C238DA355001C4B7A /* ConsulatesDetailRow.swift in Sources */,
				9F169A8C237F6844005A8618 /* CircleImage.swift in Sources */,
				9FAACF872379B65600C3CF94 /* SceneDelegate.swift in Sources */,
				A151BB20237F2AA1007CEEC1 /* HelpView.swift in Sources */,
				9FAACF892379B65600C3CF94 /* ContentView.swift in Sources */,
				9F7A4F23238DA05A001C4B7A /* HospitalsDetailView.swift in Sources */,
			);
			runOnlyForDeploymentPostprocessing = 0;
		};
		9FAACF932379B65900C3CF94 /* Sources */ = {
			isa = PBXSourcesBuildPhase;
			buildActionMask = 2147483647;
			files = (
				9FAACF9C2379B65900C3CF94 /* EmergencyTests.swift in Sources */,
			);
			runOnlyForDeploymentPostprocessing = 0;
		};
		9FAACF9E2379B65900C3CF94 /* Sources */ = {
			isa = PBXSourcesBuildPhase;
			buildActionMask = 2147483647;
			files = (
				9FAACFA72379B65900C3CF94 /* EmergencyUITests.swift in Sources */,
			);
			runOnlyForDeploymentPostprocessing = 0;
		};
/* End PBXSourcesBuildPhase section */

/* Begin PBXTargetDependency section */
		9FAACF992379B65900C3CF94 /* PBXTargetDependency */ = {
			isa = PBXTargetDependency;
			target = 9FAACF802379B65600C3CF94 /* Emergency */;
			targetProxy = 9FAACF982379B65900C3CF94 /* PBXContainerItemProxy */;
		};
		9FAACFA42379B65900C3CF94 /* PBXTargetDependency */ = {
			isa = PBXTargetDependency;
			target = 9FAACF802379B65600C3CF94 /* Emergency */;
			targetProxy = 9FAACFA32379B65900C3CF94 /* PBXContainerItemProxy */;
		};
/* End PBXTargetDependency section */

/* Begin PBXVariantGroup section */
		9FAACF8F2379B65900C3CF94 /* LaunchScreen.storyboard */ = {
			isa = PBXVariantGroup;
			children = (
				9FAACF902379B65900C3CF94 /* Base */,
			);
			name = LaunchScreen.storyboard;
			sourceTree = "<group>";
		};
/* End PBXVariantGroup section */

/* Begin XCBuildConfiguration section */
		9FAACFA92379B65900C3CF94 /* Debug */ = {
			isa = XCBuildConfiguration;
			buildSettings = {
				ALWAYS_SEARCH_USER_PATHS = NO;
				CLANG_ANALYZER_NONNULL = YES;
				CLANG_ANALYZER_NUMBER_OBJECT_CONVERSION = YES_AGGRESSIVE;
				CLANG_CXX_LANGUAGE_STANDARD = "gnu++14";
				CLANG_CXX_LIBRARY = "libc++";
				CLANG_ENABLE_MODULES = YES;
				CLANG_ENABLE_OBJC_ARC = YES;
				CLANG_ENABLE_OBJC_WEAK = YES;
				CLANG_WARN_BLOCK_CAPTURE_AUTORELEASING = YES;
				CLANG_WARN_BOOL_CONVERSION = YES;
				CLANG_WARN_COMMA = YES;
				CLANG_WARN_CONSTANT_CONVERSION = YES;
				CLANG_WARN_DEPRECATED_OBJC_IMPLEMENTATIONS = YES;
				CLANG_WARN_DIRECT_OBJC_ISA_USAGE = YES_ERROR;
				CLANG_WARN_DOCUMENTATION_COMMENTS = YES;
				CLANG_WARN_EMPTY_BODY = YES;
				CLANG_WARN_ENUM_CONVERSION = YES;
				CLANG_WARN_INFINITE_RECURSION = YES;
				CLANG_WARN_INT_CONVERSION = YES;
				CLANG_WARN_NON_LITERAL_NULL_CONVERSION = YES;
				CLANG_WARN_OBJC_IMPLICIT_RETAIN_SELF = YES;
				CLANG_WARN_OBJC_LITERAL_CONVERSION = YES;
				CLANG_WARN_OBJC_ROOT_CLASS = YES_ERROR;
				CLANG_WARN_RANGE_LOOP_ANALYSIS = YES;
				CLANG_WARN_STRICT_PROTOTYPES = YES;
				CLANG_WARN_SUSPICIOUS_MOVE = YES;
				CLANG_WARN_UNGUARDED_AVAILABILITY = YES_AGGRESSIVE;
				CLANG_WARN_UNREACHABLE_CODE = YES;
				CLANG_WARN__DUPLICATE_METHOD_MATCH = YES;
				COPY_PHASE_STRIP = NO;
				DEBUG_INFORMATION_FORMAT = dwarf;
				ENABLE_STRICT_OBJC_MSGSEND = YES;
				ENABLE_TESTABILITY = YES;
				GCC_C_LANGUAGE_STANDARD = gnu11;
				GCC_DYNAMIC_NO_PIC = NO;
				GCC_NO_COMMON_BLOCKS = YES;
				GCC_OPTIMIZATION_LEVEL = 0;
				GCC_PREPROCESSOR_DEFINITIONS = (
					"DEBUG=1",
					"$(inherited)",
				);
				GCC_WARN_64_TO_32_BIT_CONVERSION = YES;
				GCC_WARN_ABOUT_RETURN_TYPE = YES_ERROR;
				GCC_WARN_UNDECLARED_SELECTOR = YES;
				GCC_WARN_UNINITIALIZED_AUTOS = YES_AGGRESSIVE;
				GCC_WARN_UNUSED_FUNCTION = YES;
				GCC_WARN_UNUSED_VARIABLE = YES;
				IPHONEOS_DEPLOYMENT_TARGET = 13.0;
				MTL_ENABLE_DEBUG_INFO = INCLUDE_SOURCE;
				MTL_FAST_MATH = YES;
				ONLY_ACTIVE_ARCH = YES;
				SDKROOT = iphoneos;
				SWIFT_ACTIVE_COMPILATION_CONDITIONS = DEBUG;
				SWIFT_OPTIMIZATION_LEVEL = "-Onone";
			};
			name = Debug;
		};
		9FAACFAA2379B65900C3CF94 /* Release */ = {
			isa = XCBuildConfiguration;
			buildSettings = {
				ALWAYS_SEARCH_USER_PATHS = NO;
				CLANG_ANALYZER_NONNULL = YES;
				CLANG_ANALYZER_NUMBER_OBJECT_CONVERSION = YES_AGGRESSIVE;
				CLANG_CXX_LANGUAGE_STANDARD = "gnu++14";
				CLANG_CXX_LIBRARY = "libc++";
				CLANG_ENABLE_MODULES = YES;
				CLANG_ENABLE_OBJC_ARC = YES;
				CLANG_ENABLE_OBJC_WEAK = YES;
				CLANG_WARN_BLOCK_CAPTURE_AUTORELEASING = YES;
				CLANG_WARN_BOOL_CONVERSION = YES;
				CLANG_WARN_COMMA = YES;
				CLANG_WARN_CONSTANT_CONVERSION = YES;
				CLANG_WARN_DEPRECATED_OBJC_IMPLEMENTATIONS = YES;
				CLANG_WARN_DIRECT_OBJC_ISA_USAGE = YES_ERROR;
				CLANG_WARN_DOCUMENTATION_COMMENTS = YES;
				CLANG_WARN_EMPTY_BODY = YES;
				CLANG_WARN_ENUM_CONVERSION = YES;
				CLANG_WARN_INFINITE_RECURSION = YES;
				CLANG_WARN_INT_CONVERSION = YES;
				CLANG_WARN_NON_LITERAL_NULL_CONVERSION = YES;
				CLANG_WARN_OBJC_IMPLICIT_RETAIN_SELF = YES;
				CLANG_WARN_OBJC_LITERAL_CONVERSION = YES;
				CLANG_WARN_OBJC_ROOT_CLASS = YES_ERROR;
				CLANG_WARN_RANGE_LOOP_ANALYSIS = YES;
				CLANG_WARN_STRICT_PROTOTYPES = YES;
				CLANG_WARN_SUSPICIOUS_MOVE = YES;
				CLANG_WARN_UNGUARDED_AVAILABILITY = YES_AGGRESSIVE;
				CLANG_WARN_UNREACHABLE_CODE = YES;
				CLANG_WARN__DUPLICATE_METHOD_MATCH = YES;
				COPY_PHASE_STRIP = NO;
				DEBUG_INFORMATION_FORMAT = "dwarf-with-dsym";
				ENABLE_NS_ASSERTIONS = NO;
				ENABLE_STRICT_OBJC_MSGSEND = YES;
				GCC_C_LANGUAGE_STANDARD = gnu11;
				GCC_NO_COMMON_BLOCKS = YES;
				GCC_WARN_64_TO_32_BIT_CONVERSION = YES;
				GCC_WARN_ABOUT_RETURN_TYPE = YES_ERROR;
				GCC_WARN_UNDECLARED_SELECTOR = YES;
				GCC_WARN_UNINITIALIZED_AUTOS = YES_AGGRESSIVE;
				GCC_WARN_UNUSED_FUNCTION = YES;
				GCC_WARN_UNUSED_VARIABLE = YES;
				IPHONEOS_DEPLOYMENT_TARGET = 13.0;
				MTL_ENABLE_DEBUG_INFO = NO;
				MTL_FAST_MATH = YES;
				SDKROOT = iphoneos;
				SWIFT_COMPILATION_MODE = wholemodule;
				SWIFT_OPTIMIZATION_LEVEL = "-O";
				VALIDATE_PRODUCT = YES;
			};
			name = Release;
		};
		9FAACFAC2379B65900C3CF94 /* Debug */ = {
			isa = XCBuildConfiguration;
			baseConfigurationReference = 4FD85DB312590744F9E5A9E3 /* Pods-Emergency.debug.xcconfig */;
			buildSettings = {
				ASSETCATALOG_COMPILER_APPICON_NAME = AppIcon;
				CODE_SIGN_STYLE = Automatic;
				DEVELOPMENT_ASSET_PATHS = "\"Emergency/Preview Content\"";
				ENABLE_PREVIEWS = YES;
				INFOPLIST_FILE = Emergency/Info.plist;
				LD_RUNPATH_SEARCH_PATHS = (
					"$(inherited)",
					"@executable_path/Frameworks",
				);
				PRODUCT_BUNDLE_IDENTIFIER = wasko.Emergency;
				PRODUCT_NAME = "$(TARGET_NAME)";
				SWIFT_VERSION = 5.0;
				TARGETED_DEVICE_FAMILY = "1,2";
			};
			name = Debug;
		};
		9FAACFAD2379B65900C3CF94 /* Release */ = {
			isa = XCBuildConfiguration;
			baseConfigurationReference = C4C29EC31A572AC3686977D1 /* Pods-Emergency.release.xcconfig */;
			buildSettings = {
				ASSETCATALOG_COMPILER_APPICON_NAME = AppIcon;
				CODE_SIGN_STYLE = Automatic;
				DEVELOPMENT_ASSET_PATHS = "\"Emergency/Preview Content\"";
				ENABLE_PREVIEWS = YES;
				INFOPLIST_FILE = Emergency/Info.plist;
				LD_RUNPATH_SEARCH_PATHS = (
					"$(inherited)",
					"@executable_path/Frameworks",
				);
				PRODUCT_BUNDLE_IDENTIFIER = wasko.Emergency;
				PRODUCT_NAME = "$(TARGET_NAME)";
				SWIFT_VERSION = 5.0;
				TARGETED_DEVICE_FAMILY = "1,2";
			};
			name = Release;
		};
		9FAACFAF2379B65900C3CF94 /* Debug */ = {
			isa = XCBuildConfiguration;
			baseConfigurationReference = 73221E569343D12298A063AF /* Pods-EmergencyTests.debug.xcconfig */;
			buildSettings = {
				ALWAYS_EMBED_SWIFT_STANDARD_LIBRARIES = YES;
				BUNDLE_LOADER = "$(TEST_HOST)";
				CODE_SIGN_STYLE = Automatic;
				INFOPLIST_FILE = EmergencyTests/Info.plist;
				IPHONEOS_DEPLOYMENT_TARGET = 13.0;
				LD_RUNPATH_SEARCH_PATHS = (
					"$(inherited)",
					"@executable_path/Frameworks",
					"@loader_path/Frameworks",
				);
				PRODUCT_BUNDLE_IDENTIFIER = wasko.EmergencyTests;
				PRODUCT_NAME = "$(TARGET_NAME)";
				SWIFT_VERSION = 5.0;
				TARGETED_DEVICE_FAMILY = "1,2";
				TEST_HOST = "$(BUILT_PRODUCTS_DIR)/Emergency.app/Emergency";
			};
			name = Debug;
		};
		9FAACFB02379B65900C3CF94 /* Release */ = {
			isa = XCBuildConfiguration;
			baseConfigurationReference = 6B8A3546851A58DF668DB42E /* Pods-EmergencyTests.release.xcconfig */;
			buildSettings = {
				ALWAYS_EMBED_SWIFT_STANDARD_LIBRARIES = YES;
				BUNDLE_LOADER = "$(TEST_HOST)";
				CODE_SIGN_STYLE = Automatic;
				INFOPLIST_FILE = EmergencyTests/Info.plist;
				IPHONEOS_DEPLOYMENT_TARGET = 13.0;
				LD_RUNPATH_SEARCH_PATHS = (
					"$(inherited)",
					"@executable_path/Frameworks",
					"@loader_path/Frameworks",
				);
				PRODUCT_BUNDLE_IDENTIFIER = wasko.EmergencyTests;
				PRODUCT_NAME = "$(TARGET_NAME)";
				SWIFT_VERSION = 5.0;
				TARGETED_DEVICE_FAMILY = "1,2";
				TEST_HOST = "$(BUILT_PRODUCTS_DIR)/Emergency.app/Emergency";
			};
			name = Release;
		};
		9FAACFB22379B65900C3CF94 /* Debug */ = {
			isa = XCBuildConfiguration;
			baseConfigurationReference = 5EE4BCD87DC89A19119FBBA8 /* Pods-EmergencyUITests.debug.xcconfig */;
			buildSettings = {
				ALWAYS_EMBED_SWIFT_STANDARD_LIBRARIES = YES;
				CODE_SIGN_STYLE = Automatic;
				INFOPLIST_FILE = EmergencyUITests/Info.plist;
				LD_RUNPATH_SEARCH_PATHS = (
					"$(inherited)",
					"@executable_path/Frameworks",
					"@loader_path/Frameworks",
				);
				PRODUCT_BUNDLE_IDENTIFIER = wasko.EmergencyUITests;
				PRODUCT_NAME = "$(TARGET_NAME)";
				SWIFT_VERSION = 5.0;
				TARGETED_DEVICE_FAMILY = "1,2";
				TEST_TARGET_NAME = Emergency;
			};
			name = Debug;
		};
		9FAACFB32379B65900C3CF94 /* Release */ = {
			isa = XCBuildConfiguration;
			baseConfigurationReference = BEEFCFFC5EDA393F1CA178AF /* Pods-EmergencyUITests.release.xcconfig */;
			buildSettings = {
				ALWAYS_EMBED_SWIFT_STANDARD_LIBRARIES = YES;
				CODE_SIGN_STYLE = Automatic;
				INFOPLIST_FILE = EmergencyUITests/Info.plist;
				LD_RUNPATH_SEARCH_PATHS = (
					"$(inherited)",
					"@executable_path/Frameworks",
					"@loader_path/Frameworks",
				);
				PRODUCT_BUNDLE_IDENTIFIER = wasko.EmergencyUITests;
				PRODUCT_NAME = "$(TARGET_NAME)";
				SWIFT_VERSION = 5.0;
				TARGETED_DEVICE_FAMILY = "1,2";
				TEST_TARGET_NAME = Emergency;
			};
			name = Release;
		};
/* End XCBuildConfiguration section */

/* Begin XCConfigurationList section */
		9FAACF7C2379B65600C3CF94 /* Build configuration list for PBXProject "Emergency" */ = {
			isa = XCConfigurationList;
			buildConfigurations = (
				9FAACFA92379B65900C3CF94 /* Debug */,
				9FAACFAA2379B65900C3CF94 /* Release */,
			);
			defaultConfigurationIsVisible = 0;
			defaultConfigurationName = Release;
		};
		9FAACFAB2379B65900C3CF94 /* Build configuration list for PBXNativeTarget "Emergency" */ = {
			isa = XCConfigurationList;
			buildConfigurations = (
				9FAACFAC2379B65900C3CF94 /* Debug */,
				9FAACFAD2379B65900C3CF94 /* Release */,
			);
			defaultConfigurationIsVisible = 0;
			defaultConfigurationName = Release;
		};
		9FAACFAE2379B65900C3CF94 /* Build configuration list for PBXNativeTarget "EmergencyTests" */ = {
			isa = XCConfigurationList;
			buildConfigurations = (
				9FAACFAF2379B65900C3CF94 /* Debug */,
				9FAACFB02379B65900C3CF94 /* Release */,
			);
			defaultConfigurationIsVisible = 0;
			defaultConfigurationName = Release;
		};
		9FAACFB12379B65900C3CF94 /* Build configuration list for PBXNativeTarget "EmergencyUITests" */ = {
			isa = XCConfigurationList;
			buildConfigurations = (
				9FAACFB22379B65900C3CF94 /* Debug */,
				9FAACFB32379B65900C3CF94 /* Release */,
			);
			defaultConfigurationIsVisible = 0;
			defaultConfigurationName = Release;
		};
/* End XCConfigurationList section */
	};
	rootObject = 9FAACF792379B65600C3CF94 /* Project object */;
}
